// !$*UTF8*$!
{
	archiveVersion = 1;
	classes = {
	};
	objectVersion = 46;
	objects = {

/* Begin PBXBuildFile section */
		BE4D69A41B819ADB00B438A3 /* Bytor.h in Headers */ = {isa = PBXBuildFile; fileRef = BE4D69A31B819ADB00B438A3 /* Bytor.h */; settings = {ATTRIBUTES = (Public, ); }; };
		BE4D69AA1B819ADB00B438A3 /* Bytor.framework in Frameworks */ = {isa = PBXBuildFile; fileRef = BE4D699E1B819ADB00B438A3 /* Bytor.framework */; };
		BE4D69B11B819ADB00B438A3 /* BytorTests.m in Sources */ = {isa = PBXBuildFile; fileRef = BE4D69B01B819ADB00B438A3 /* BytorTests.m */; };
		BE4D6A021B819B0D00B438A3 /* BYBytor.h in Headers */ = {isa = PBXBuildFile; fileRef = BE4D69BA1B819B0C00B438A3 /* BYBytor.h */; };
		BE4D6A031B819B0D00B438A3 /* BYBytor.m in Sources */ = {isa = PBXBuildFile; fileRef = BE4D69BB1B819B0C00B438A3 /* BYBytor.m */; };
		BE4D6A041B819B0D00B438A3 /* BYBytorRuntime.h in Headers */ = {isa = PBXBuildFile; fileRef = BE4D69BC1B819B0C00B438A3 /* BYBytorRuntime.h */; };
		BE4D6A051B819B0D00B438A3 /* BYBytorRuntime.m in Sources */ = {isa = PBXBuildFile; fileRef = BE4D69BD1B819B0C00B438A3 /* BYBytorRuntime.m */; };
		BE4D6A061B819B0D00B438A3 /* BYRenderer_protected.h in Headers */ = {isa = PBXBuildFile; fileRef = BE4D69BE1B819B0C00B438A3 /* BYRenderer_protected.h */; };
		BE4D6A071B819B0D00B438A3 /* BYStyle.h in Headers */ = {isa = PBXBuildFile; fileRef = BE4D69BF1B819B0C00B438A3 /* BYStyle.h */; };
		BE4D6A081B819B0D00B438A3 /* BYStyle.m in Sources */ = {isa = PBXBuildFile; fileRef = BE4D69C01B819B0C00B438A3 /* BYStyle.m */; };
		BE4D6A091B819B0D00B438A3 /* BYStyleProperty.h in Headers */ = {isa = PBXBuildFile; fileRef = BE4D69C11B819B0C00B438A3 /* BYStyleProperty.h */; };
		BE4D6A0A1B819B0D00B438A3 /* BYStyleProperty.m in Sources */ = {isa = PBXBuildFile; fileRef = BE4D69C21B819B0C00B438A3 /* BYStyleProperty.m */; };
		BE4D6A0B1B819B0D00B438A3 /* BYBytorParser.h in Headers */ = {isa = PBXBuildFile; fileRef = BE4D69C41B819B0C00B438A3 /* BYBytorParser.h */; };
		BE4D6A0C1B819B0D00B438A3 /* BYBytorParser.m in Sources */ = {isa = PBXBuildFile; fileRef = BE4D69C51B819B0C00B438A3 /* BYBytorParser.m */; };
		BE4D6A0D1B819B0D00B438A3 /* BYRenderer.h in Headers */ = {isa = PBXBuildFile; fileRef = BE4D69C71B819B0C00B438A3 /* BYRenderer.h */; };
		BE4D6A0E1B819B0D00B438A3 /* BYRenderer.m in Sources */ = {isa = PBXBuildFile; fileRef = BE4D69C81B819B0C00B438A3 /* BYRenderer.m */; };
		BE4D6A0F1B819B0D00B438A3 /* BYRendererUtility.h in Headers */ = {isa = PBXBuildFile; fileRef = BE4D69C91B819B0C00B438A3 /* BYRendererUtility.h */; };
		BE4D6A101B819B0D00B438A3 /* BYRendererUtility.m in Sources */ = {isa = PBXBuildFile; fileRef = BE4D69CA1B819B0C00B438A3 /* BYRendererUtility.m */; };
		BE4D6A111B819B0D00B438A3 /* BYUIButtonRenderer.h in Headers */ = {isa = PBXBuildFile; fileRef = BE4D69CB1B819B0C00B438A3 /* BYUIButtonRenderer.h */; };
		BE4D6A121B819B0D00B438A3 /* BYUIButtonRenderer.m in Sources */ = {isa = PBXBuildFile; fileRef = BE4D69CC1B819B0C00B438A3 /* BYUIButtonRenderer.m */; };
		BE4D6A131B819B0D00B438A3 /* BYUIControlRenderer.h in Headers */ = {isa = PBXBuildFile; fileRef = BE4D69CD1B819B0C00B438A3 /* BYUIControlRenderer.h */; };
		BE4D6A141B819B0D00B438A3 /* BYUIControlRenderer.m in Sources */ = {isa = PBXBuildFile; fileRef = BE4D69CE1B819B0C00B438A3 /* BYUIControlRenderer.m */; };
		BE4D6A151B819B0D00B438A3 /* BYUILabelRenderer.h in Headers */ = {isa = PBXBuildFile; fileRef = BE4D69CF1B819B0D00B438A3 /* BYUILabelRenderer.h */; };
		BE4D6A161B819B0D00B438A3 /* BYUILabelRenderer.m in Sources */ = {isa = PBXBuildFile; fileRef = BE4D69D01B819B0D00B438A3 /* BYUILabelRenderer.m */; };
		BE4D6A171B819B0D00B438A3 /* BYUITextFieldRenderer.h in Headers */ = {isa = PBXBuildFile; fileRef = BE4D69D11B819B0D00B438A3 /* BYUITextFieldRenderer.h */; };
		BE4D6A181B819B0D00B438A3 /* BYUITextFieldRenderer.m in Sources */ = {isa = PBXBuildFile; fileRef = BE4D69D21B819B0D00B438A3 /* BYUITextFieldRenderer.m */; };
		BE4D6A191B819B0D00B438A3 /* BYUIViewRenderer.h in Headers */ = {isa = PBXBuildFile; fileRef = BE4D69D31B819B0D00B438A3 /* BYUIViewRenderer.h */; };
		BE4D6A1A1B819B0D00B438A3 /* BYUIViewRenderer.m in Sources */ = {isa = PBXBuildFile; fileRef = BE4D69D41B819B0D00B438A3 /* BYUIViewRenderer.m */; };
		BE4D6A1B1B819B0D00B438A3 /* BYStateMachine.h in Headers */ = {isa = PBXBuildFile; fileRef = BE4D69D61B819B0D00B438A3 /* BYStateMachine.h */; };
		BE4D6A1C1B819B0D00B438A3 /* BYStateMachine.m in Sources */ = {isa = PBXBuildFile; fileRef = BE4D69D71B819B0D00B438A3 /* BYStateMachine.m */; };
		BE4D6A1D1B819B0D00B438A3 /* BYTransition.h in Headers */ = {isa = PBXBuildFile; fileRef = BE4D69D81B819B0D00B438A3 /* BYTransition.h */; };
		BE4D6A1E1B819B0D00B438A3 /* BYTransition.m in Sources */ = {isa = PBXBuildFile; fileRef = BE4D69D91B819B0D00B438A3 /* BYTransition.m */; };
		BE4D6A1F1B819B0D00B438A3 /* BYTokenizer.h in Headers */ = {isa = PBXBuildFile; fileRef = BE4D69DB1B819B0D00B438A3 /* BYTokenizer.h */; };
		BE4D6A201B819B0D00B438A3 /* BYTokenizer.m in Sources */ = {isa = PBXBuildFile; fileRef = BE4D69DC1B819B0D00B438A3 /* BYTokenizer.m */; };
		BE4D6A211B819B0D00B438A3 /* BYTokenStream.h in Headers */ = {isa = PBXBuildFile; fileRef = BE4D69DD1B819B0D00B438A3 /* BYTokenStream.h */; };
		BE4D6A221B819B0D00B438A3 /* BYTokenStream.m in Sources */ = {isa = PBXBuildFile; fileRef = BE4D69DE1B819B0D00B438A3 /* BYTokenStream.m */; };
		BE4D6A231B819B0D00B438A3 /* BYColorRecognizer.h in Headers */ = {isa = PBXBuildFile; fileRef = BE4D69E01B819B0D00B438A3 /* BYColorRecognizer.h */; };
		BE4D6A241B819B0D00B438A3 /* BYColorRecognizer.m in Sources */ = {isa = PBXBuildFile; fileRef = BE4D69E11B819B0D00B438A3 /* BYColorRecognizer.m */; };
		BE4D6A251B819B0D00B438A3 /* BYCommentRecognizer.h in Headers */ = {isa = PBXBuildFile; fileRef = BE4D69E21B819B0D00B438A3 /* BYCommentRecognizer.h */; };
		BE4D6A261B819B0D00B438A3 /* BYCommentRecognizer.m in Sources */ = {isa = PBXBuildFile; fileRef = BE4D69E31B819B0D00B438A3 /* BYCommentRecognizer.m */; };
		BE4D6A271B819B0D00B438A3 /* BYKeywordRecognizer.h in Headers */ = {isa = PBXBuildFile; fileRef = BE4D69E41B819B0D00B438A3 /* BYKeywordRecognizer.h */; };
		BE4D6A281B819B0D00B438A3 /* BYKeywordRecognizer.m in Sources */ = {isa = PBXBuildFile; fileRef = BE4D69E51B819B0D00B438A3 /* BYKeywordRecognizer.m */; };
		BE4D6A291B819B0D00B438A3 /* BYNumberRecognizer.h in Headers */ = {isa = PBXBuildFile; fileRef = BE4D69E61B819B0D00B438A3 /* BYNumberRecognizer.h */; };
		BE4D6A2A1B819B0D00B438A3 /* BYNumberRecognizer.m in Sources */ = {isa = PBXBuildFile; fileRef = BE4D69E71B819B0D00B438A3 /* BYNumberRecognizer.m */; };
		BE4D6A2B1B819B0D00B438A3 /* BYStringRecognizer.h in Headers */ = {isa = PBXBuildFile; fileRef = BE4D69E81B819B0D00B438A3 /* BYStringRecognizer.h */; };
		BE4D6A2C1B819B0D00B438A3 /* BYStringRecognizer.m in Sources */ = {isa = PBXBuildFile; fileRef = BE4D69E91B819B0D00B438A3 /* BYStringRecognizer.m */; };
		BE4D6A2D1B819B0D00B438A3 /* BYTokenRecognizer.h in Headers */ = {isa = PBXBuildFile; fileRef = BE4D69EA1B819B0D00B438A3 /* BYTokenRecognizer.h */; };
		BE4D6A2E1B819B0D00B438A3 /* BYWhiteSpaceRecognizer.h in Headers */ = {isa = PBXBuildFile; fileRef = BE4D69EB1B819B0D00B438A3 /* BYWhiteSpaceRecognizer.h */; };
		BE4D6A2F1B819B0D00B438A3 /* BYWhiteSpaceRecognizer.m in Sources */ = {isa = PBXBuildFile; fileRef = BE4D69EC1B819B0D00B438A3 /* BYWhiteSpaceRecognizer.m */; };
		BE4D6A301B819B0D00B438A3 /* BYWordRecognizer.h in Headers */ = {isa = PBXBuildFile; fileRef = BE4D69ED1B819B0D00B438A3 /* BYWordRecognizer.h */; };
		BE4D6A311B819B0D00B438A3 /* BYWordRecognizer.m in Sources */ = {isa = PBXBuildFile; fileRef = BE4D69EE1B819B0D00B438A3 /* BYWordRecognizer.m */; };
		BE4D6A321B819B0D00B438A3 /* BYCommentToken.h in Headers */ = {isa = PBXBuildFile; fileRef = BE4D69F01B819B0D00B438A3 /* BYCommentToken.h */; };
		BE4D6A331B819B0D00B438A3 /* BYCommentToken.m in Sources */ = {isa = PBXBuildFile; fileRef = BE4D69F11B819B0D00B438A3 /* BYCommentToken.m */; };
		BE4D6A341B819B0D00B438A3 /* BYHexColorToken.h in Headers */ = {isa = PBXBuildFile; fileRef = BE4D69F21B819B0D00B438A3 /* BYHexColorToken.h */; };
		BE4D6A351B819B0D00B438A3 /* BYHexColorToken.m in Sources */ = {isa = PBXBuildFile; fileRef = BE4D69F31B819B0D00B438A3 /* BYHexColorToken.m */; };
		BE4D6A361B819B0D00B438A3 /* BYKeywordToken.h in Headers */ = {isa = PBXBuildFile; fileRef = BE4D69F41B819B0D00B438A3 /* BYKeywordToken.h */; };
		BE4D6A371B819B0D00B438A3 /* BYKeywordToken.m in Sources */ = {isa = PBXBuildFile; fileRef = BE4D69F51B819B0D00B438A3 /* BYKeywordToken.m */; };
		BE4D6A381B819B0D00B438A3 /* BYNumberToken.h in Headers */ = {isa = PBXBuildFile; fileRef = BE4D69F61B819B0D00B438A3 /* BYNumberToken.h */; };
		BE4D6A391B819B0D00B438A3 /* BYNumberToken.m in Sources */ = {isa = PBXBuildFile; fileRef = BE4D69F71B819B0D00B438A3 /* BYNumberToken.m */; };
		BE4D6A3A1B819B0D00B438A3 /* BYStringToken.h in Headers */ = {isa = PBXBuildFile; fileRef = BE4D69F81B819B0D00B438A3 /* BYStringToken.h */; };
		BE4D6A3B1B819B0D00B438A3 /* BYStringToken.m in Sources */ = {isa = PBXBuildFile; fileRef = BE4D69F91B819B0D00B438A3 /* BYStringToken.m */; };
		BE4D6A3C1B819B0D00B438A3 /* BYToken.h in Headers */ = {isa = PBXBuildFile; fileRef = BE4D69FA1B819B0D00B438A3 /* BYToken.h */; };
		BE4D6A3D1B819B0D00B438A3 /* BYToken.m in Sources */ = {isa = PBXBuildFile; fileRef = BE4D69FB1B819B0D00B438A3 /* BYToken.m */; };
		BE4D6A3E1B819B0D00B438A3 /* BYWhiteSpaceToken.h in Headers */ = {isa = PBXBuildFile; fileRef = BE4D69FC1B819B0D00B438A3 /* BYWhiteSpaceToken.h */; };
		BE4D6A3F1B819B0D00B438A3 /* BYWhiteSpaceToken.m in Sources */ = {isa = PBXBuildFile; fileRef = BE4D69FD1B819B0D00B438A3 /* BYWhiteSpaceToken.m */; };
		BE4D6A401B819B0D00B438A3 /* BYWordToken.h in Headers */ = {isa = PBXBuildFile; fileRef = BE4D69FE1B819B0D00B438A3 /* BYWordToken.h */; };
		BE4D6A411B819B0D00B438A3 /* BYWordToken.m in Sources */ = {isa = PBXBuildFile; fileRef = BE4D69FF1B819B0D00B438A3 /* BYWordToken.m */; };
		BE4D6A421B819B0D00B438A3 /* UIView+BYBytor.h in Headers */ = {isa = PBXBuildFile; fileRef = BE4D6A001B819B0D00B438A3 /* UIView+BYBytor.h */; };
		BE4D6A431B819B0D00B438A3 /* UIView+BYBytor.m in Sources */ = {isa = PBXBuildFile; fileRef = BE4D6A011B819B0D00B438A3 /* UIView+BYBytor.m */; };
/* End PBXBuildFile section */

/* Begin PBXContainerItemProxy section */
		BE4D69AB1B819ADB00B438A3 /* PBXContainerItemProxy */ = {
			isa = PBXContainerItemProxy;
			containerPortal = BE4D69951B819ADA00B438A3 /* Project object */;
			proxyType = 1;
			remoteGlobalIDString = BE4D699D1B819ADB00B438A3;
			remoteInfo = Bytor;
		};
/* End PBXContainerItemProxy section */

/* Begin PBXFileReference section */
		BE4D699E1B819ADB00B438A3 /* Bytor.framework */ = {isa = PBXFileReference; explicitFileType = wrapper.framework; includeInIndex = 0; path = Bytor.framework; sourceTree = BUILT_PRODUCTS_DIR; };
		BE4D69A21B819ADB00B438A3 /* Info.plist */ = {isa = PBXFileReference; lastKnownFileType = text.plist.xml; path = Info.plist; sourceTree = "<group>"; };
		BE4D69A31B819ADB00B438A3 /* Bytor.h */ = {isa = PBXFileReference; lastKnownFileType = sourcecode.c.h; path = Bytor.h; sourceTree = "<group>"; };
		BE4D69A91B819ADB00B438A3 /* BytorTests.xctest */ = {isa = PBXFileReference; explicitFileType = wrapper.cfbundle; includeInIndex = 0; path = BytorTests.xctest; sourceTree = BUILT_PRODUCTS_DIR; };
		BE4D69AF1B819ADB00B438A3 /* Info.plist */ = {isa = PBXFileReference; lastKnownFileType = text.plist.xml; path = Info.plist; sourceTree = "<group>"; };
		BE4D69B01B819ADB00B438A3 /* BytorTests.m */ = {isa = PBXFileReference; lastKnownFileType = sourcecode.c.objc; path = BytorTests.m; sourceTree = "<group>"; };
		BE4D69BA1B819B0C00B438A3 /* BYBytor.h */ = {isa = PBXFileReference; fileEncoding = 4; lastKnownFileType = sourcecode.c.h; path = BYBytor.h; sourceTree = "<group>"; };
		BE4D69BB1B819B0C00B438A3 /* BYBytor.m */ = {isa = PBXFileReference; fileEncoding = 4; lastKnownFileType = sourcecode.c.objc; path = BYBytor.m; sourceTree = "<group>"; };
		BE4D69BC1B819B0C00B438A3 /* BYBytorRuntime.h */ = {isa = PBXFileReference; fileEncoding = 4; lastKnownFileType = sourcecode.c.h; path = BYBytorRuntime.h; sourceTree = "<group>"; };
		BE4D69BD1B819B0C00B438A3 /* BYBytorRuntime.m */ = {isa = PBXFileReference; fileEncoding = 4; lastKnownFileType = sourcecode.c.objc; path = BYBytorRuntime.m; sourceTree = "<group>"; };
		BE4D69BE1B819B0C00B438A3 /* BYRenderer_protected.h */ = {isa = PBXFileReference; fileEncoding = 4; lastKnownFileType = sourcecode.c.h; name = BYRenderer_protected.h; path = ../BYRenderer_protected.h; sourceTree = "<group>"; };
		BE4D69BF1B819B0C00B438A3 /* BYStyle.h */ = {isa = PBXFileReference; fileEncoding = 4; lastKnownFileType = sourcecode.c.h; name = BYStyle.h; path = ../BYStyle.h; sourceTree = "<group>"; };
		BE4D69C01B819B0C00B438A3 /* BYStyle.m */ = {isa = PBXFileReference; fileEncoding = 4; lastKnownFileType = sourcecode.c.objc; name = BYStyle.m; path = ../BYStyle.m; sourceTree = "<group>"; };
		BE4D69C11B819B0C00B438A3 /* BYStyleProperty.h */ = {isa = PBXFileReference; fileEncoding = 4; lastKnownFileType = sourcecode.c.h; name = BYStyleProperty.h; path = ../BYStyleProperty.h; sourceTree = "<group>"; };
		BE4D69C21B819B0C00B438A3 /* BYStyleProperty.m */ = {isa = PBXFileReference; fileEncoding = 4; lastKnownFileType = sourcecode.c.objc; name = BYStyleProperty.m; path = ../BYStyleProperty.m; sourceTree = "<group>"; };
		BE4D69C41B819B0C00B438A3 /* BYBytorParser.h */ = {isa = PBXFileReference; fileEncoding = 4; lastKnownFileType = sourcecode.c.h; path = BYBytorParser.h; sourceTree = "<group>"; };
		BE4D69C51B819B0C00B438A3 /* BYBytorParser.m */ = {isa = PBXFileReference; fileEncoding = 4; lastKnownFileType = sourcecode.c.objc; path = BYBytorParser.m; sourceTree = "<group>"; };
		BE4D69C71B819B0C00B438A3 /* BYRenderer.h */ = {isa = PBXFileReference; fileEncoding = 4; lastKnownFileType = sourcecode.c.h; path = BYRenderer.h; sourceTree = "<group>"; };
		BE4D69C81B819B0C00B438A3 /* BYRenderer.m */ = {isa = PBXFileReference; fileEncoding = 4; lastKnownFileType = sourcecode.c.objc; path = BYRenderer.m; sourceTree = "<group>"; };
		BE4D69C91B819B0C00B438A3 /* BYRendererUtility.h */ = {isa = PBXFileReference; fileEncoding = 4; lastKnownFileType = sourcecode.c.h; path = BYRendererUtility.h; sourceTree = "<group>"; };
		BE4D69CA1B819B0C00B438A3 /* BYRendererUtility.m */ = {isa = PBXFileReference; fileEncoding = 4; lastKnownFileType = sourcecode.c.objc; path = BYRendererUtility.m; sourceTree = "<group>"; };
		BE4D69CB1B819B0C00B438A3 /* BYUIButtonRenderer.h */ = {isa = PBXFileReference; fileEncoding = 4; lastKnownFileType = sourcecode.c.h; path = BYUIButtonRenderer.h; sourceTree = "<group>"; };
		BE4D69CC1B819B0C00B438A3 /* BYUIButtonRenderer.m */ = {isa = PBXFileReference; fileEncoding = 4; lastKnownFileType = sourcecode.c.objc; path = BYUIButtonRenderer.m; sourceTree = "<group>"; };
		BE4D69CD1B819B0C00B438A3 /* BYUIControlRenderer.h */ = {isa = PBXFileReference; fileEncoding = 4; lastKnownFileType = sourcecode.c.h; path = BYUIControlRenderer.h; sourceTree = "<group>"; };
		BE4D69CE1B819B0C00B438A3 /* BYUIControlRenderer.m */ = {isa = PBXFileReference; fileEncoding = 4; lastKnownFileType = sourcecode.c.objc; path = BYUIControlRenderer.m; sourceTree = "<group>"; };
		BE4D69CF1B819B0D00B438A3 /* BYUILabelRenderer.h */ = {isa = PBXFileReference; fileEncoding = 4; lastKnownFileType = sourcecode.c.h; path = BYUILabelRenderer.h; sourceTree = "<group>"; };
		BE4D69D01B819B0D00B438A3 /* BYUILabelRenderer.m */ = {isa = PBXFileReference; fileEncoding = 4; lastKnownFileType = sourcecode.c.objc; path = BYUILabelRenderer.m; sourceTree = "<group>"; };
		BE4D69D11B819B0D00B438A3 /* BYUITextFieldRenderer.h */ = {isa = PBXFileReference; fileEncoding = 4; lastKnownFileType = sourcecode.c.h; path = BYUITextFieldRenderer.h; sourceTree = "<group>"; };
		BE4D69D21B819B0D00B438A3 /* BYUITextFieldRenderer.m */ = {isa = PBXFileReference; fileEncoding = 4; lastKnownFileType = sourcecode.c.objc; path = BYUITextFieldRenderer.m; sourceTree = "<group>"; };
		BE4D69D31B819B0D00B438A3 /* BYUIViewRenderer.h */ = {isa = PBXFileReference; fileEncoding = 4; lastKnownFileType = sourcecode.c.h; path = BYUIViewRenderer.h; sourceTree = "<group>"; };
		BE4D69D41B819B0D00B438A3 /* BYUIViewRenderer.m */ = {isa = PBXFileReference; fileEncoding = 4; lastKnownFileType = sourcecode.c.objc; path = BYUIViewRenderer.m; sourceTree = "<group>"; };
		BE4D69D61B819B0D00B438A3 /* BYStateMachine.h */ = {isa = PBXFileReference; fileEncoding = 4; lastKnownFileType = sourcecode.c.h; path = BYStateMachine.h; sourceTree = "<group>"; };
		BE4D69D71B819B0D00B438A3 /* BYStateMachine.m */ = {isa = PBXFileReference; fileEncoding = 4; lastKnownFileType = sourcecode.c.objc; path = BYStateMachine.m; sourceTree = "<group>"; };
		BE4D69D81B819B0D00B438A3 /* BYTransition.h */ = {isa = PBXFileReference; fileEncoding = 4; lastKnownFileType = sourcecode.c.h; path = BYTransition.h; sourceTree = "<group>"; };
		BE4D69D91B819B0D00B438A3 /* BYTransition.m */ = {isa = PBXFileReference; fileEncoding = 4; lastKnownFileType = sourcecode.c.objc; path = BYTransition.m; sourceTree = "<group>"; };
		BE4D69DB1B819B0D00B438A3 /* BYTokenizer.h */ = {isa = PBXFileReference; fileEncoding = 4; lastKnownFileType = sourcecode.c.h; path = BYTokenizer.h; sourceTree = "<group>"; };
		BE4D69DC1B819B0D00B438A3 /* BYTokenizer.m */ = {isa = PBXFileReference; fileEncoding = 4; lastKnownFileType = sourcecode.c.objc; path = BYTokenizer.m; sourceTree = "<group>"; };
		BE4D69DD1B819B0D00B438A3 /* BYTokenStream.h */ = {isa = PBXFileReference; fileEncoding = 4; lastKnownFileType = sourcecode.c.h; path = BYTokenStream.h; sourceTree = "<group>"; };
		BE4D69DE1B819B0D00B438A3 /* BYTokenStream.m */ = {isa = PBXFileReference; fileEncoding = 4; lastKnownFileType = sourcecode.c.objc; path = BYTokenStream.m; sourceTree = "<group>"; };
		BE4D69E01B819B0D00B438A3 /* BYColorRecognizer.h */ = {isa = PBXFileReference; fileEncoding = 4; lastKnownFileType = sourcecode.c.h; path = BYColorRecognizer.h; sourceTree = "<group>"; };
		BE4D69E11B819B0D00B438A3 /* BYColorRecognizer.m */ = {isa = PBXFileReference; fileEncoding = 4; lastKnownFileType = sourcecode.c.objc; path = BYColorRecognizer.m; sourceTree = "<group>"; };
		BE4D69E21B819B0D00B438A3 /* BYCommentRecognizer.h */ = {isa = PBXFileReference; fileEncoding = 4; lastKnownFileType = sourcecode.c.h; path = BYCommentRecognizer.h; sourceTree = "<group>"; };
		BE4D69E31B819B0D00B438A3 /* BYCommentRecognizer.m */ = {isa = PBXFileReference; fileEncoding = 4; lastKnownFileType = sourcecode.c.objc; path = BYCommentRecognizer.m; sourceTree = "<group>"; };
		BE4D69E41B819B0D00B438A3 /* BYKeywordRecognizer.h */ = {isa = PBXFileReference; fileEncoding = 4; lastKnownFileType = sourcecode.c.h; path = BYKeywordRecognizer.h; sourceTree = "<group>"; };
		BE4D69E51B819B0D00B438A3 /* BYKeywordRecognizer.m */ = {isa = PBXFileReference; fileEncoding = 4; lastKnownFileType = sourcecode.c.objc; path = BYKeywordRecognizer.m; sourceTree = "<group>"; };
		BE4D69E61B819B0D00B438A3 /* BYNumberRecognizer.h */ = {isa = PBXFileReference; fileEncoding = 4; lastKnownFileType = sourcecode.c.h; path = BYNumberRecognizer.h; sourceTree = "<group>"; };
		BE4D69E71B819B0D00B438A3 /* BYNumberRecognizer.m */ = {isa = PBXFileReference; fileEncoding = 4; lastKnownFileType = sourcecode.c.objc; path = BYNumberRecognizer.m; sourceTree = "<group>"; };
		BE4D69E81B819B0D00B438A3 /* BYStringRecognizer.h */ = {isa = PBXFileReference; fileEncoding = 4; lastKnownFileType = sourcecode.c.h; path = BYStringRecognizer.h; sourceTree = "<group>"; };
		BE4D69E91B819B0D00B438A3 /* BYStringRecognizer.m */ = {isa = PBXFileReference; fileEncoding = 4; lastKnownFileType = sourcecode.c.objc; path = BYStringRecognizer.m; sourceTree = "<group>"; };
		BE4D69EA1B819B0D00B438A3 /* BYTokenRecognizer.h */ = {isa = PBXFileReference; fileEncoding = 4; lastKnownFileType = sourcecode.c.h; path = BYTokenRecognizer.h; sourceTree = "<group>"; };
		BE4D69EB1B819B0D00B438A3 /* BYWhiteSpaceRecognizer.h */ = {isa = PBXFileReference; fileEncoding = 4; lastKnownFileType = sourcecode.c.h; path = BYWhiteSpaceRecognizer.h; sourceTree = "<group>"; };
		BE4D69EC1B819B0D00B438A3 /* BYWhiteSpaceRecognizer.m */ = {isa = PBXFileReference; fileEncoding = 4; lastKnownFileType = sourcecode.c.objc; path = BYWhiteSpaceRecognizer.m; sourceTree = "<group>"; };
		BE4D69ED1B819B0D00B438A3 /* BYWordRecognizer.h */ = {isa = PBXFileReference; fileEncoding = 4; lastKnownFileType = sourcecode.c.h; path = BYWordRecognizer.h; sourceTree = "<group>"; };
		BE4D69EE1B819B0D00B438A3 /* BYWordRecognizer.m */ = {isa = PBXFileReference; fileEncoding = 4; lastKnownFileType = sourcecode.c.objc; path = BYWordRecognizer.m; sourceTree = "<group>"; };
		BE4D69F01B819B0D00B438A3 /* BYCommentToken.h */ = {isa = PBXFileReference; fileEncoding = 4; lastKnownFileType = sourcecode.c.h; path = BYCommentToken.h; sourceTree = "<group>"; };
		BE4D69F11B819B0D00B438A3 /* BYCommentToken.m */ = {isa = PBXFileReference; fileEncoding = 4; lastKnownFileType = sourcecode.c.objc; path = BYCommentToken.m; sourceTree = "<group>"; };
		BE4D69F21B819B0D00B438A3 /* BYHexColorToken.h */ = {isa = PBXFileReference; fileEncoding = 4; lastKnownFileType = sourcecode.c.h; path = BYHexColorToken.h; sourceTree = "<group>"; };
		BE4D69F31B819B0D00B438A3 /* BYHexColorToken.m */ = {isa = PBXFileReference; fileEncoding = 4; lastKnownFileType = sourcecode.c.objc; path = BYHexColorToken.m; sourceTree = "<group>"; };
		BE4D69F41B819B0D00B438A3 /* BYKeywordToken.h */ = {isa = PBXFileReference; fileEncoding = 4; lastKnownFileType = sourcecode.c.h; path = BYKeywordToken.h; sourceTree = "<group>"; };
		BE4D69F51B819B0D00B438A3 /* BYKeywordToken.m */ = {isa = PBXFileReference; fileEncoding = 4; lastKnownFileType = sourcecode.c.objc; path = BYKeywordToken.m; sourceTree = "<group>"; };
		BE4D69F61B819B0D00B438A3 /* BYNumberToken.h */ = {isa = PBXFileReference; fileEncoding = 4; lastKnownFileType = sourcecode.c.h; path = BYNumberToken.h; sourceTree = "<group>"; };
		BE4D69F71B819B0D00B438A3 /* BYNumberToken.m */ = {isa = PBXFileReference; fileEncoding = 4; lastKnownFileType = sourcecode.c.objc; path = BYNumberToken.m; sourceTree = "<group>"; };
		BE4D69F81B819B0D00B438A3 /* BYStringToken.h */ = {isa = PBXFileReference; fileEncoding = 4; lastKnownFileType = sourcecode.c.h; path = BYStringToken.h; sourceTree = "<group>"; };
		BE4D69F91B819B0D00B438A3 /* BYStringToken.m */ = {isa = PBXFileReference; fileEncoding = 4; lastKnownFileType = sourcecode.c.objc; path = BYStringToken.m; sourceTree = "<group>"; };
		BE4D69FA1B819B0D00B438A3 /* BYToken.h */ = {isa = PBXFileReference; fileEncoding = 4; lastKnownFileType = sourcecode.c.h; path = BYToken.h; sourceTree = "<group>"; };
		BE4D69FB1B819B0D00B438A3 /* BYToken.m */ = {isa = PBXFileReference; fileEncoding = 4; lastKnownFileType = sourcecode.c.objc; path = BYToken.m; sourceTree = "<group>"; };
		BE4D69FC1B819B0D00B438A3 /* BYWhiteSpaceToken.h */ = {isa = PBXFileReference; fileEncoding = 4; lastKnownFileType = sourcecode.c.h; path = BYWhiteSpaceToken.h; sourceTree = "<group>"; };
		BE4D69FD1B819B0D00B438A3 /* BYWhiteSpaceToken.m */ = {isa = PBXFileReference; fileEncoding = 4; lastKnownFileType = sourcecode.c.objc; path = BYWhiteSpaceToken.m; sourceTree = "<group>"; };
		BE4D69FE1B819B0D00B438A3 /* BYWordToken.h */ = {isa = PBXFileReference; fileEncoding = 4; lastKnownFileType = sourcecode.c.h; path = BYWordToken.h; sourceTree = "<group>"; };
		BE4D69FF1B819B0D00B438A3 /* BYWordToken.m */ = {isa = PBXFileReference; fileEncoding = 4; lastKnownFileType = sourcecode.c.objc; path = BYWordToken.m; sourceTree = "<group>"; };
		BE4D6A001B819B0D00B438A3 /* UIView+BYBytor.h */ = {isa = PBXFileReference; fileEncoding = 4; lastKnownFileType = sourcecode.c.h; path = "UIView+BYBytor.h"; sourceTree = "<group>"; };
		BE4D6A011B819B0D00B438A3 /* UIView+BYBytor.m */ = {isa = PBXFileReference; fileEncoding = 4; lastKnownFileType = sourcecode.c.objc; path = "UIView+BYBytor.m"; sourceTree = "<group>"; };
/* End PBXFileReference section */

/* Begin PBXFrameworksBuildPhase section */
		BE4D699A1B819ADB00B438A3 /* Frameworks */ = {
			isa = PBXFrameworksBuildPhase;
			buildActionMask = 2147483647;
			files = (
			);
			runOnlyForDeploymentPostprocessing = 0;
		};
		BE4D69A61B819ADB00B438A3 /* Frameworks */ = {
			isa = PBXFrameworksBuildPhase;
			buildActionMask = 2147483647;
			files = (
				BE4D69AA1B819ADB00B438A3 /* Bytor.framework in Frameworks */,
			);
			runOnlyForDeploymentPostprocessing = 0;
		};
/* End PBXFrameworksBuildPhase section */

/* Begin PBXGroup section */
		BE4D69941B819ADA00B438A3 = {
			isa = PBXGroup;
			children = (
				BE4D69A01B819ADB00B438A3 /* Bytor */,
				BE4D69AD1B819ADB00B438A3 /* BytorTests */,
				BE4D699F1B819ADB00B438A3 /* Products */,
			);
			sourceTree = "<group>";
		};
		BE4D699F1B819ADB00B438A3 /* Products */ = {
			isa = PBXGroup;
			children = (
				BE4D699E1B819ADB00B438A3 /* Bytor.framework */,
				BE4D69A91B819ADB00B438A3 /* BytorTests.xctest */,
			);
			name = Products;
			sourceTree = "<group>";
		};
		BE4D69A01B819ADB00B438A3 /* Bytor */ = {
			isa = PBXGroup;
			children = (
				BE4D69C31B819B0C00B438A3 /* Parser */,
				BE4D69C61B819B0C00B438A3 /* Renderers */,
				BE4D69D51B819B0D00B438A3 /* StateMachine */,
				BE4D69DA1B819B0D00B438A3 /* Tokenizer */,
				BE4D69A31B819ADB00B438A3 /* Bytor.h */,
				BE4D69BA1B819B0C00B438A3 /* BYBytor.h */,
				BE4D69BB1B819B0C00B438A3 /* BYBytor.m */,
				BE4D6A001B819B0D00B438A3 /* UIView+BYBytor.h */,
				BE4D6A011B819B0D00B438A3 /* UIView+BYBytor.m */,
				BE4D69BC1B819B0C00B438A3 /* BYBytorRuntime.h */,
				BE4D69BD1B819B0C00B438A3 /* BYBytorRuntime.m */,
				BE4D69A11B819ADB00B438A3 /* Supporting Files */,
			);
			path = Bytor;
			sourceTree = "<group>";
		};
		BE4D69A11B819ADB00B438A3 /* Supporting Files */ = {
			isa = PBXGroup;
			children = (
				BE4D69A21B819ADB00B438A3 /* Info.plist */,
			);
			name = "Supporting Files";
			sourceTree = "<group>";
		};
		BE4D69AD1B819ADB00B438A3 /* BytorTests */ = {
			isa = PBXGroup;
			children = (
				BE4D69B01B819ADB00B438A3 /* BytorTests.m */,
				BE4D69AE1B819ADB00B438A3 /* Supporting Files */,
			);
			path = BytorTests;
			sourceTree = "<group>";
		};
		BE4D69AE1B819ADB00B438A3 /* Supporting Files */ = {
			isa = PBXGroup;
			children = (
				BE4D69AF1B819ADB00B438A3 /* Info.plist */,
			);
			name = "Supporting Files";
			sourceTree = "<group>";
		};
		BE4D69C31B819B0C00B438A3 /* Parser */ = {
			isa = PBXGroup;
			children = (
				BE4D6A441B819B3900B438A3 /* Styles */,
				BE4D69C41B819B0C00B438A3 /* BYBytorParser.h */,
				BE4D69C51B819B0C00B438A3 /* BYBytorParser.m */,
			);
			path = Parser;
			sourceTree = "<group>";
		};
		BE4D69C61B819B0C00B438A3 /* Renderers */ = {
			isa = PBXGroup;
			children = (
				BE4D69BE1B819B0C00B438A3 /* BYRenderer_protected.h */,
				BE4D69C71B819B0C00B438A3 /* BYRenderer.h */,
				BE4D69C81B819B0C00B438A3 /* BYRenderer.m */,
				BE4D69C91B819B0C00B438A3 /* BYRendererUtility.h */,
				BE4D69CA1B819B0C00B438A3 /* BYRendererUtility.m */,
				BE4D69CB1B819B0C00B438A3 /* BYUIButtonRenderer.h */,
				BE4D69CC1B819B0C00B438A3 /* BYUIButtonRenderer.m */,
				BE4D69CD1B819B0C00B438A3 /* BYUIControlRenderer.h */,
				BE4D69CE1B819B0C00B438A3 /* BYUIControlRenderer.m */,
				BE4D69CF1B819B0D00B438A3 /* BYUILabelRenderer.h */,
				BE4D69D01B819B0D00B438A3 /* BYUILabelRenderer.m */,
				BE4D69D11B819B0D00B438A3 /* BYUITextFieldRenderer.h */,
				BE4D69D21B819B0D00B438A3 /* BYUITextFieldRenderer.m */,
				BE4D69D31B819B0D00B438A3 /* BYUIViewRenderer.h */,
				BE4D69D41B819B0D00B438A3 /* BYUIViewRenderer.m */,
			);
			path = Renderers;
			sourceTree = "<group>";
		};
		BE4D69D51B819B0D00B438A3 /* StateMachine */ = {
			isa = PBXGroup;
			children = (
				BE4D69D61B819B0D00B438A3 /* BYStateMachine.h */,
				BE4D69D71B819B0D00B438A3 /* BYStateMachine.m */,
				BE4D69D81B819B0D00B438A3 /* BYTransition.h */,
				BE4D69D91B819B0D00B438A3 /* BYTransition.m */,
			);
			path = StateMachine;
			sourceTree = "<group>";
		};
		BE4D69DA1B819B0D00B438A3 /* Tokenizer */ = {
			isa = PBXGroup;
			children = (
				BE4D69DB1B819B0D00B438A3 /* BYTokenizer.h */,
				BE4D69DC1B819B0D00B438A3 /* BYTokenizer.m */,
				BE4D69DD1B819B0D00B438A3 /* BYTokenStream.h */,
				BE4D69DE1B819B0D00B438A3 /* BYTokenStream.m */,
				BE4D69DF1B819B0D00B438A3 /* Recognizers */,
				BE4D69EF1B819B0D00B438A3 /* Tokens */,
			);
			path = Tokenizer;
			sourceTree = "<group>";
		};
		BE4D69DF1B819B0D00B438A3 /* Recognizers */ = {
			isa = PBXGroup;
			children = (
				BE4D69E01B819B0D00B438A3 /* BYColorRecognizer.h */,
				BE4D69E11B819B0D00B438A3 /* BYColorRecognizer.m */,
				BE4D69E21B819B0D00B438A3 /* BYCommentRecognizer.h */,
				BE4D69E31B819B0D00B438A3 /* BYCommentRecognizer.m */,
				BE4D69E41B819B0D00B438A3 /* BYKeywordRecognizer.h */,
				BE4D69E51B819B0D00B438A3 /* BYKeywordRecognizer.m */,
				BE4D69E61B819B0D00B438A3 /* BYNumberRecognizer.h */,
				BE4D69E71B819B0D00B438A3 /* BYNumberRecognizer.m */,
				BE4D69E81B819B0D00B438A3 /* BYStringRecognizer.h */,
				BE4D69E91B819B0D00B438A3 /* BYStringRecognizer.m */,
				BE4D69EA1B819B0D00B438A3 /* BYTokenRecognizer.h */,
				BE4D69EB1B819B0D00B438A3 /* BYWhiteSpaceRecognizer.h */,
				BE4D69EC1B819B0D00B438A3 /* BYWhiteSpaceRecognizer.m */,
				BE4D69ED1B819B0D00B438A3 /* BYWordRecognizer.h */,
				BE4D69EE1B819B0D00B438A3 /* BYWordRecognizer.m */,
			);
			path = Recognizers;
			sourceTree = "<group>";
		};
		BE4D69EF1B819B0D00B438A3 /* Tokens */ = {
			isa = PBXGroup;
			children = (
				BE4D69F01B819B0D00B438A3 /* BYCommentToken.h */,
				BE4D69F11B819B0D00B438A3 /* BYCommentToken.m */,
				BE4D69F21B819B0D00B438A3 /* BYHexColorToken.h */,
				BE4D69F31B819B0D00B438A3 /* BYHexColorToken.m */,
				BE4D69F41B819B0D00B438A3 /* BYKeywordToken.h */,
				BE4D69F51B819B0D00B438A3 /* BYKeywordToken.m */,
				BE4D69F61B819B0D00B438A3 /* BYNumberToken.h */,
				BE4D69F71B819B0D00B438A3 /* BYNumberToken.m */,
				BE4D69F81B819B0D00B438A3 /* BYStringToken.h */,
				BE4D69F91B819B0D00B438A3 /* BYStringToken.m */,
				BE4D69FA1B819B0D00B438A3 /* BYToken.h */,
				BE4D69FB1B819B0D00B438A3 /* BYToken.m */,
				BE4D69FC1B819B0D00B438A3 /* BYWhiteSpaceToken.h */,
				BE4D69FD1B819B0D00B438A3 /* BYWhiteSpaceToken.m */,
				BE4D69FE1B819B0D00B438A3 /* BYWordToken.h */,
				BE4D69FF1B819B0D00B438A3 /* BYWordToken.m */,
			);
			path = Tokens;
			sourceTree = "<group>";
		};
		BE4D6A441B819B3900B438A3 /* Styles */ = {
			isa = PBXGroup;
			children = (
				BE4D69BF1B819B0C00B438A3 /* BYStyle.h */,
				BE4D69C01B819B0C00B438A3 /* BYStyle.m */,
				BE4D69C11B819B0C00B438A3 /* BYStyleProperty.h */,
				BE4D69C21B819B0C00B438A3 /* BYStyleProperty.m */,
			);
			name = Styles;
			sourceTree = "<group>";
		};
/* End PBXGroup section */

/* Begin PBXHeadersBuildPhase section */
		BE4D699B1B819ADB00B438A3 /* Headers */ = {
			isa = PBXHeadersBuildPhase;
			buildActionMask = 2147483647;
			files = (
				BE4D6A1B1B819B0D00B438A3 /* BYStateMachine.h in Headers */,
				BE4D6A021B819B0D00B438A3 /* BYBytor.h in Headers */,
				BE4D6A3A1B819B0D00B438A3 /* BYStringToken.h in Headers */,
				BE4D6A151B819B0D00B438A3 /* BYUILabelRenderer.h in Headers */,
				BE4D6A131B819B0D00B438A3 /* BYUIControlRenderer.h in Headers */,
				BE4D6A041B819B0D00B438A3 /* BYBytorRuntime.h in Headers */,
				BE4D6A361B819B0D00B438A3 /* BYKeywordToken.h in Headers */,
				BE4D6A401B819B0D00B438A3 /* BYWordToken.h in Headers */,
				BE4D6A111B819B0D00B438A3 /* BYUIButtonRenderer.h in Headers */,
				BE4D6A0B1B819B0D00B438A3 /* BYBytorParser.h in Headers */,
				BE4D69A41B819ADB00B438A3 /* Bytor.h in Headers */,
				BE4D6A191B819B0D00B438A3 /* BYUIViewRenderer.h in Headers */,
				BE4D6A381B819B0D00B438A3 /* BYNumberToken.h in Headers */,
				BE4D6A251B819B0D00B438A3 /* BYCommentRecognizer.h in Headers */,
				BE4D6A421B819B0D00B438A3 /* UIView+BYBytor.h in Headers */,
				BE4D6A2E1B819B0D00B438A3 /* BYWhiteSpaceRecognizer.h in Headers */,
				BE4D6A291B819B0D00B438A3 /* BYNumberRecognizer.h in Headers */,
				BE4D6A0D1B819B0D00B438A3 /* BYRenderer.h in Headers */,
				BE4D6A321B819B0D00B438A3 /* BYCommentToken.h in Headers */,
				BE4D6A231B819B0D00B438A3 /* BYColorRecognizer.h in Headers */,
				BE4D6A2D1B819B0D00B438A3 /* BYTokenRecognizer.h in Headers */,
				BE4D6A1F1B819B0D00B438A3 /* BYTokenizer.h in Headers */,
				BE4D6A271B819B0D00B438A3 /* BYKeywordRecognizer.h in Headers */,
				BE4D6A2B1B819B0D00B438A3 /* BYStringRecognizer.h in Headers */,
				BE4D6A341B819B0D00B438A3 /* BYHexColorToken.h in Headers */,
				BE4D6A211B819B0D00B438A3 /* BYTokenStream.h in Headers */,
				BE4D6A1D1B819B0D00B438A3 /* BYTransition.h in Headers */,
				BE4D6A061B819B0D00B438A3 /* BYRenderer_protected.h in Headers */,
				BE4D6A3E1B819B0D00B438A3 /* BYWhiteSpaceToken.h in Headers */,
				BE4D6A0F1B819B0D00B438A3 /* BYRendererUtility.h in Headers */,
				BE4D6A3C1B819B0D00B438A3 /* BYToken.h in Headers */,
				BE4D6A091B819B0D00B438A3 /* BYStyleProperty.h in Headers */,
				BE4D6A171B819B0D00B438A3 /* BYUITextFieldRenderer.h in Headers */,
				BE4D6A071B819B0D00B438A3 /* BYStyle.h in Headers */,
				BE4D6A301B819B0D00B438A3 /* BYWordRecognizer.h in Headers */,
			);
			runOnlyForDeploymentPostprocessing = 0;
		};
/* End PBXHeadersBuildPhase section */

/* Begin PBXNativeTarget section */
		BE4D699D1B819ADB00B438A3 /* Bytor */ = {
			isa = PBXNativeTarget;
			buildConfigurationList = BE4D69B41B819ADB00B438A3 /* Build configuration list for PBXNativeTarget "Bytor" */;
			buildPhases = (
				BE4D69991B819ADB00B438A3 /* Sources */,
				BE4D699A1B819ADB00B438A3 /* Frameworks */,
				BE4D699B1B819ADB00B438A3 /* Headers */,
				BE4D699C1B819ADB00B438A3 /* Resources */,
			);
			buildRules = (
			);
			dependencies = (
			);
			name = Bytor;
			productName = Bytor;
			productReference = BE4D699E1B819ADB00B438A3 /* Bytor.framework */;
			productType = "com.apple.product-type.framework";
		};
		BE4D69A81B819ADB00B438A3 /* BytorTests */ = {
			isa = PBXNativeTarget;
			buildConfigurationList = BE4D69B71B819ADB00B438A3 /* Build configuration list for PBXNativeTarget "BytorTests" */;
			buildPhases = (
				BE4D69A51B819ADB00B438A3 /* Sources */,
				BE4D69A61B819ADB00B438A3 /* Frameworks */,
				BE4D69A71B819ADB00B438A3 /* Resources */,
			);
			buildRules = (
			);
			dependencies = (
				BE4D69AC1B819ADB00B438A3 /* PBXTargetDependency */,
			);
			name = BytorTests;
			productName = BytorTests;
			productReference = BE4D69A91B819ADB00B438A3 /* BytorTests.xctest */;
			productType = "com.apple.product-type.bundle.unit-test";
		};
/* End PBXNativeTarget section */

/* Begin PBXProject section */
		BE4D69951B819ADA00B438A3 /* Project object */ = {
			isa = PBXProject;
			attributes = {
				LastUpgradeCheck = 0630;
				ORGANIZATIONNAME = "Eric Lee";
				TargetAttributes = {
					BE4D699D1B819ADB00B438A3 = {
						CreatedOnToolsVersion = 6.3.2;
					};
					BE4D69A81B819ADB00B438A3 = {
						CreatedOnToolsVersion = 6.3.2;
					};
				};
			};
			buildConfigurationList = BE4D69981B819ADA00B438A3 /* Build configuration list for PBXProject "Bytor" */;
			compatibilityVersion = "Xcode 3.2";
			developmentRegion = English;
			hasScannedForEncodings = 0;
			knownRegions = (
				en,
			);
			mainGroup = BE4D69941B819ADA00B438A3;
			productRefGroup = BE4D699F1B819ADB00B438A3 /* Products */;
			projectDirPath = "";
			projectRoot = "";
			targets = (
				BE4D699D1B819ADB00B438A3 /* Bytor */,
				BE4D69A81B819ADB00B438A3 /* BytorTests */,
			);
		};
/* End PBXProject section */

/* Begin PBXResourcesBuildPhase section */
		BE4D699C1B819ADB00B438A3 /* Resources */ = {
			isa = PBXResourcesBuildPhase;
			buildActionMask = 2147483647;
			files = (
			);
			runOnlyForDeploymentPostprocessing = 0;
		};
		BE4D69A71B819ADB00B438A3 /* Resources */ = {
			isa = PBXResourcesBuildPhase;
			buildActionMask = 2147483647;
			files = (
			);
			runOnlyForDeploymentPostprocessing = 0;
		};
/* End PBXResourcesBuildPhase section */

/* Begin PBXSourcesBuildPhase section */
		BE4D69991B819ADB00B438A3 /* Sources */ = {
			isa = PBXSourcesBuildPhase;
			buildActionMask = 2147483647;
			files = (
				BE4D6A051B819B0D00B438A3 /* BYBytorRuntime.m in Sources */,
				BE4D6A311B819B0D00B438A3 /* BYWordRecognizer.m in Sources */,
				BE4D6A331B819B0D00B438A3 /* BYCommentToken.m in Sources */,
				BE4D6A181B819B0D00B438A3 /* BYUITextFieldRenderer.m in Sources */,
				BE4D6A281B819B0D00B438A3 /* BYKeywordRecognizer.m in Sources */,
				BE4D6A3F1B819B0D00B438A3 /* BYWhiteSpaceToken.m in Sources */,
				BE4D6A3B1B819B0D00B438A3 /* BYStringToken.m in Sources */,
				BE4D6A221B819B0D00B438A3 /* BYTokenStream.m in Sources */,
				BE4D6A0A1B819B0D00B438A3 /* BYStyleProperty.m in Sources */,
				BE4D6A2F1B819B0D00B438A3 /* BYWhiteSpaceRecognizer.m in Sources */,
				BE4D6A261B819B0D00B438A3 /* BYCommentRecognizer.m in Sources */,
				BE4D6A101B819B0D00B438A3 /* BYRendererUtility.m in Sources */,
				BE4D6A121B819B0D00B438A3 /* BYUIButtonRenderer.m in Sources */,
				BE4D6A1E1B819B0D00B438A3 /* BYTransition.m in Sources */,
				BE4D6A411B819B0D00B438A3 /* BYWordToken.m in Sources */,
				BE4D6A371B819B0D00B438A3 /* BYKeywordToken.m in Sources */,
				BE4D6A201B819B0D00B438A3 /* BYTokenizer.m in Sources */,
				BE4D6A241B819B0D00B438A3 /* BYColorRecognizer.m in Sources */,
				BE4D6A351B819B0D00B438A3 /* BYHexColorToken.m in Sources */,
				BE4D6A161B819B0D00B438A3 /* BYUILabelRenderer.m in Sources */,
				BE4D6A081B819B0D00B438A3 /* BYStyle.m in Sources */,
				BE4D6A141B819B0D00B438A3 /* BYUIControlRenderer.m in Sources */,
				BE4D6A2C1B819B0D00B438A3 /* BYStringRecognizer.m in Sources */,
				BE4D6A1C1B819B0D00B438A3 /* BYStateMachine.m in Sources */,
				BE4D6A2A1B819B0D00B438A3 /* BYNumberRecognizer.m in Sources */,
				BE4D6A1A1B819B0D00B438A3 /* BYUIViewRenderer.m in Sources */,
				BE4D6A431B819B0D00B438A3 /* UIView+BYBytor.m in Sources */,
				BE4D6A0C1B819B0D00B438A3 /* BYBytorParser.m in Sources */,
				BE4D6A031B819B0D00B438A3 /* BYBytor.m in Sources */,
				BE4D6A391B819B0D00B438A3 /* BYNumberToken.m in Sources */,
				BE4D6A0E1B819B0D00B438A3 /* BYRenderer.m in Sources */,
				BE4D6A3D1B819B0D00B438A3 /* BYToken.m in Sources */,
			);
			runOnlyForDeploymentPostprocessing = 0;
		};
		BE4D69A51B819ADB00B438A3 /* Sources */ = {
			isa = PBXSourcesBuildPhase;
			buildActionMask = 2147483647;
			files = (
				BE4D69B11B819ADB00B438A3 /* BytorTests.m in Sources */,
			);
			runOnlyForDeploymentPostprocessing = 0;
		};
/* End PBXSourcesBuildPhase section */

/* Begin PBXTargetDependency section */
		BE4D69AC1B819ADB00B438A3 /* PBXTargetDependency */ = {
			isa = PBXTargetDependency;
			target = BE4D699D1B819ADB00B438A3 /* Bytor */;
			targetProxy = BE4D69AB1B819ADB00B438A3 /* PBXContainerItemProxy */;
		};
/* End PBXTargetDependency section */

/* Begin XCBuildConfiguration section */
		BE4D69B21B819ADB00B438A3 /* Debug */ = {
			isa = XCBuildConfiguration;
			buildSettings = {
				ALWAYS_SEARCH_USER_PATHS = NO;
				CLANG_CXX_LANGUAGE_STANDARD = "gnu++0x";
				CLANG_CXX_LIBRARY = "libc++";
				CLANG_ENABLE_MODULES = YES;
				CLANG_ENABLE_OBJC_ARC = YES;
				CLANG_WARN_BOOL_CONVERSION = YES;
				CLANG_WARN_CONSTANT_CONVERSION = YES;
				CLANG_WARN_DIRECT_OBJC_ISA_USAGE = YES_ERROR;
				CLANG_WARN_EMPTY_BODY = YES;
				CLANG_WARN_ENUM_CONVERSION = YES;
				CLANG_WARN_INT_CONVERSION = YES;
				CLANG_WARN_OBJC_ROOT_CLASS = YES_ERROR;
				CLANG_WARN_UNREACHABLE_CODE = YES;
				CLANG_WARN__DUPLICATE_METHOD_MATCH = YES;
				"CODE_SIGN_IDENTITY[sdk=iphoneos*]" = "iPhone Developer";
				COPY_PHASE_STRIP = NO;
				CURRENT_PROJECT_VERSION = 1;
				DEBUG_INFORMATION_FORMAT = "dwarf-with-dsym";
				ENABLE_STRICT_OBJC_MSGSEND = YES;
				GCC_C_LANGUAGE_STANDARD = gnu99;
				GCC_DYNAMIC_NO_PIC = NO;
				GCC_NO_COMMON_BLOCKS = YES;
				GCC_OPTIMIZATION_LEVEL = 0;
				GCC_PREPROCESSOR_DEFINITIONS = (
					"DEBUG=1",
					"$(inherited)",
				);
				GCC_SYMBOLS_PRIVATE_EXTERN = NO;
				GCC_WARN_64_TO_32_BIT_CONVERSION = YES;
				GCC_WARN_ABOUT_RETURN_TYPE = YES_ERROR;
				GCC_WARN_UNDECLARED_SELECTOR = YES;
				GCC_WARN_UNINITIALIZED_AUTOS = YES_AGGRESSIVE;
				GCC_WARN_UNUSED_FUNCTION = YES;
				GCC_WARN_UNUSED_VARIABLE = YES;
				IPHONEOS_DEPLOYMENT_TARGET = 8.3;
				MTL_ENABLE_DEBUG_INFO = YES;
				ONLY_ACTIVE_ARCH = YES;
				SDKROOT = iphoneos;
				TARGETED_DEVICE_FAMILY = "1,2";
				VERSIONING_SYSTEM = "apple-generic";
				VERSION_INFO_PREFIX = "";
			};
			name = Debug;
		};
		BE4D69B31B819ADB00B438A3 /* Release */ = {
			isa = XCBuildConfiguration;
			buildSettings = {
				ALWAYS_SEARCH_USER_PATHS = NO;
				CLANG_CXX_LANGUAGE_STANDARD = "gnu++0x";
				CLANG_CXX_LIBRARY = "libc++";
				CLANG_ENABLE_MODULES = YES;
				CLANG_ENABLE_OBJC_ARC = YES;
				CLANG_WARN_BOOL_CONVERSION = YES;
				CLANG_WARN_CONSTANT_CONVERSION = YES;
				CLANG_WARN_DIRECT_OBJC_ISA_USAGE = YES_ERROR;
				CLANG_WARN_EMPTY_BODY = YES;
				CLANG_WARN_ENUM_CONVERSION = YES;
				CLANG_WARN_INT_CONVERSION = YES;
				CLANG_WARN_OBJC_ROOT_CLASS = YES_ERROR;
				CLANG_WARN_UNREACHABLE_CODE = YES;
				CLANG_WARN__DUPLICATE_METHOD_MATCH = YES;
				"CODE_SIGN_IDENTITY[sdk=iphoneos*]" = "iPhone Developer";
				COPY_PHASE_STRIP = NO;
				CURRENT_PROJECT_VERSION = 1;
				DEBUG_INFORMATION_FORMAT = "dwarf-with-dsym";
				ENABLE_NS_ASSERTIONS = NO;
				ENABLE_STRICT_OBJC_MSGSEND = YES;
				GCC_C_LANGUAGE_STANDARD = gnu99;
				GCC_NO_COMMON_BLOCKS = YES;
				GCC_WARN_64_TO_32_BIT_CONVERSION = YES;
				GCC_WARN_ABOUT_RETURN_TYPE = YES_ERROR;
				GCC_WARN_UNDECLARED_SELECTOR = YES;
				GCC_WARN_UNINITIALIZED_AUTOS = YES_AGGRESSIVE;
				GCC_WARN_UNUSED_FUNCTION = YES;
				GCC_WARN_UNUSED_VARIABLE = YES;
				IPHONEOS_DEPLOYMENT_TARGET = 8.3;
				MTL_ENABLE_DEBUG_INFO = NO;
				SDKROOT = iphoneos;
				TARGETED_DEVICE_FAMILY = "1,2";
				VALIDATE_PRODUCT = YES;
				VERSIONING_SYSTEM = "apple-generic";
				VERSION_INFO_PREFIX = "";
			};
			name = Release;
		};
		BE4D69B51B819ADB00B438A3 /* Debug */ = {
			isa = XCBuildConfiguration;
			buildSettings = {
				DEFINES_MODULE = YES;
				DYLIB_COMPATIBILITY_VERSION = 1;
				DYLIB_CURRENT_VERSION = 1;
				DYLIB_INSTALL_NAME_BASE = "@rpath";
				INFOPLIST_FILE = Bytor/Info.plist;
				INSTALL_PATH = "$(LOCAL_LIBRARY_DIR)/Frameworks";
				LD_RUNPATH_SEARCH_PATHS = "$(inherited) @executable_path/Frameworks @loader_path/Frameworks";
				PRODUCT_NAME = "$(TARGET_NAME)";
				SKIP_INSTALL = YES;
			};
			name = Debug;
		};
		BE4D69B61B819ADB00B438A3 /* Release */ = {
			isa = XCBuildConfiguration;
			buildSettings = {
				DEFINES_MODULE = YES;
				DYLIB_COMPATIBILITY_VERSION = 1;
				DYLIB_CURRENT_VERSION = 1;
				DYLIB_INSTALL_NAME_BASE = "@rpath";
				INFOPLIST_FILE = Bytor/Info.plist;
				INSTALL_PATH = "$(LOCAL_LIBRARY_DIR)/Frameworks";
				LD_RUNPATH_SEARCH_PATHS = "$(inherited) @executable_path/Frameworks @loader_path/Frameworks";
				PRODUCT_NAME = "$(TARGET_NAME)";
				SKIP_INSTALL = YES;
			};
			name = Release;
		};
		BE4D69B81B819ADB00B438A3 /* Debug */ = {
			isa = XCBuildConfiguration;
			buildSettings = {
				FRAMEWORK_SEARCH_PATHS = (
					"$(SDKROOT)/Developer/Library/Frameworks",
					"$(inherited)",
				);
				GCC_PREPROCESSOR_DEFINITIONS = (
					"DEBUG=1",
					"$(inherited)",
				);
				INFOPLIST_FILE = BytorTests/Info.plist;
				LD_RUNPATH_SEARCH_PATHS = "$(inherited) @executable_path/Frameworks @loader_path/Frameworks";
				PRODUCT_NAME = "$(TARGET_NAME)";
			};
			name = Debug;
		};
		BE4D69B91B819ADB00B438A3 /* Release */ = {
			isa = XCBuildConfiguration;
			buildSettings = {
				FRAMEWORK_SEARCH_PATHS = (
					"$(SDKROOT)/Developer/Library/Frameworks",
					"$(inherited)",
				);
				INFOPLIST_FILE = BytorTests/Info.plist;
				LD_RUNPATH_SEARCH_PATHS = "$(inherited) @executable_path/Frameworks @loader_path/Frameworks";
				PRODUCT_NAME = "$(TARGET_NAME)";
			};
			name = Release;
		};
/* End XCBuildConfiguration section */

/* Begin XCConfigurationList section */
		BE4D69981B819ADA00B438A3 /* Build configuration list for PBXProject "Bytor" */ = {
			isa = XCConfigurationList;
			buildConfigurations = (
				BE4D69B21B819ADB00B438A3 /* Debug */,
				BE4D69B31B819ADB00B438A3 /* Release */,
			);
			defaultConfigurationIsVisible = 0;
			defaultConfigurationName = Release;
		};
		BE4D69B41B819ADB00B438A3 /* Build configuration list for PBXNativeTarget "Bytor" */ = {
			isa = XCConfigurationList;
			buildConfigurations = (
				BE4D69B51B819ADB00B438A3 /* Debug */,
				BE4D69B61B819ADB00B438A3 /* Release */,
			);
			defaultConfigurationIsVisible = 0;
		};
		BE4D69B71B819ADB00B438A3 /* Build configuration list for PBXNativeTarget "BytorTests" */ = {
			isa = XCConfigurationList;
			buildConfigurations = (
				BE4D69B81B819ADB00B438A3 /* Debug */,
				BE4D69B91B819ADB00B438A3 /* Release */,
			);
			defaultConfigurationIsVisible = 0;
		};
/* End XCConfigurationList section */
	};
	rootObject = BE4D69951B819ADA00B438A3 /* Project object */;
}
